
Microsoft Visual Studio Solution File, Format Version 12.00
# Visual Studio 2012
Project("{FAE04EC0-301F-11D3-BF4B-00C04F79EFBC}") = "MvcTestApp", "MvcTestApp\MvcTestApp.csproj", "{CA315EA6-AF2D-40D6-9BFD-CAE25EB5B94D}"
EndProject
Project("{FAE04EC0-301F-11D3-BF4B-00C04F79EFBC}") = "IocContainer", "IocContainer\IocContainer.csproj", "{26E9399F-2A97-445C-86A2-2C5DEAB14196}"
EndProject
Project("{FAE04EC0-301F-11D3-BF4B-00C04F79EFBC}") = "UnitTests", "UnitTests\UnitTests.csproj", "{D72A6A6C-2D14-4B82-8F19-AD1AF870511C}"
EndProject
Global
	GlobalSection(SolutionConfigurationPlatforms) = preSolution
		Debug|Any CPU = Debug|Any CPU
		Release|Any CPU = Release|Any CPU
	EndGlobalSection
	GlobalSection(ProjectConfigurationPlatforms) = postSolution
		{CA315EA6-AF2D-40D6-9BFD-CAE25EB5B94D}.Debug|Any CPU.ActiveCfg = Debug|Any CPU
		{CA315EA6-AF2D-40D6-9BFD-CAE25EB5B94D}.Debug|Any CPU.Build.0 = Debug|Any CPU
		{CA315EA6-AF2D-40D6-9BFD-CAE25EB5B94D}.Release|Any CPU.ActiveCfg = Release|Any CPU
		{CA315EA6-AF2D-40D6-9BFD-CAE25EB5B94D}.Release|Any CPU.Build.0 = Release|Any CPU
		{26E9399F-2A97-445C-86A2-2C5DEAB14196}.Debug|Any CPU.ActiveCfg = Debug|Any CPU
		{26E9399F-2A97-445C-86A2-2C5DEAB14196}.Debug|Any CPU.Build.0 = Debug|Any CPU
		{26E9399F-2A97-445C-86A2-2C5DEAB14196}.Release|Any CPU.ActiveCfg = Release|Any CPU
		{26E9399F-2A97-445C-86A2-2C5DEAB14196}.Release|Any CPU.Build.0 = Release|Any CPU
		{D72A6A6C-2D14-4B82-8F19-AD1AF870511C}.Debug|Any CPU.ActiveCfg = Debug|Any CPU
		{D72A6A6C-2D14-4B82-8F19-AD1AF870511C}.Debug|Any CPU.Build.0 = Debug|Any CPU
		{D72A6A6C-2D14-4B82-8F19-AD1AF870511C}.Release|Any CPU.ActiveCfg = Release|Any CPU
		{D72A6A6C-2D14-4B82-8F19-AD1AF870511C}.Release|Any CPU.Build.0 = Release|Any CPU
	EndGlobalSection
	GlobalSection(SolutionProperties) = preSolution
		HideSolutionNode = FALSE
	EndGlobalSection
EndGlobal
